// !$*UTF8*$!
{
	archiveVersion = 1;
	classes = {
	};
	objectVersion = 55;
	objects = {

/* Begin PBXBuildFile section */
		4507458E291E62BA00251AFB /* WikipediaSearch1.storyboard in Resources */ = {isa = PBXBuildFile; fileRef = 4507458D291E62BA00251AFB /* WikipediaSearch1.storyboard */; };
		450745932921185E00251AFB /* WikipediaSearch1ViewController.swift in Sources */ = {isa = PBXBuildFile; fileRef = 450745922921185E00251AFB /* WikipediaSearch1ViewController.swift */; };
		45149A26283BEB0300A63C29 /* Geolocation.storyboard in Resources */ = {isa = PBXBuildFile; fileRef = 45149A25283BEB0300A63C29 /* Geolocation.storyboard */; };
		45149A28283BEB4800A63C29 /* GeolocationViewController.swift in Sources */ = {isa = PBXBuildFile; fileRef = 45149A27283BEB4800A63C29 /* GeolocationViewController.swift */; };
		45149A2A2843AFC200A63C29 /* GeolocationService.swift in Sources */ = {isa = PBXBuildFile; fileRef = 45149A292843AFC200A63C29 /* GeolocationService.swift */; };
		45149A2D284672B300A63C29 /* CLLocationManager+Rx.swift in Sources */ = {isa = PBXBuildFile; fileRef = 45149A2C284672B300A63C29 /* CLLocationManager+Rx.swift */; };
		45149A2F2846770800A63C29 /* RxCLLocationManagerDelegateProxy.swift in Sources */ = {isa = PBXBuildFile; fileRef = 45149A2E2846770800A63C29 /* RxCLLocationManagerDelegateProxy.swift */; };
		45149A322858E24800A63C29 /* RxImagePickerDelegateProxy.swift in Sources */ = {isa = PBXBuildFile; fileRef = 45149A302858E24800A63C29 /* RxImagePickerDelegateProxy.swift */; };
		45149A332858E24800A63C29 /* UIImagePickerController+Rx.swift in Sources */ = {isa = PBXBuildFile; fileRef = 45149A312858E24800A63C29 /* UIImagePickerController+Rx.swift */; };
		45149A362858E51F00A63C29 /* GitHubSignup1.storyboard in Resources */ = {isa = PBXBuildFile; fileRef = 45149A352858E51F00A63C29 /* GitHubSignup1.storyboard */; };
		45149A3D2858F42C00A63C29 /* GitHubSignup1ViewController.swift in Sources */ = {isa = PBXBuildFile; fileRef = 45149A3C2858F42C00A63C29 /* GitHubSignup1ViewController.swift */; };
		45149A3F285B92E000A63C29 /* GithubSignup1ViewModel.swift in Sources */ = {isa = PBXBuildFile; fileRef = 45149A3E285B92E000A63C29 /* GithubSignup1ViewModel.swift */; };
		45149A41285B94DA00A63C29 /* Protocols.swift in Sources */ = {isa = PBXBuildFile; fileRef = 45149A40285B94DA00A63C29 /* Protocols.swift */; };
		4525D55D28DC743D00F64262 /* Calculator.storyboard in Resources */ = {isa = PBXBuildFile; fileRef = 4525D55C28DC743D00F64262 /* Calculator.storyboard */; };
		4525D56128E1BE1400F64262 /* Calculator1ViewController.swift in Sources */ = {isa = PBXBuildFile; fileRef = 4525D56028E1BE1400F64262 /* Calculator1ViewController.swift */; };
		4525D56328E1C00500F64262 /* Calculator.swift in Sources */ = {isa = PBXBuildFile; fileRef = 4525D56228E1C00500F64262 /* Calculator.swift */; };
		4525D56528E458C600F64262 /* Observable+Extensions.swift in Sources */ = {isa = PBXBuildFile; fileRef = 4525D56428E458C600F64262 /* Observable+Extensions.swift */; };
		4525D56828E45BA400F64262 /* Feedbacks.swift in Sources */ = {isa = PBXBuildFile; fileRef = 4525D56728E45BA400F64262 /* Feedbacks.swift */; };
		452B43C428662BE90040CDE4 /* Wireframe.swift in Sources */ = {isa = PBXBuildFile; fileRef = 452B43C328662BE90040CDE4 /* Wireframe.swift */; };
		452F4F4E28F57F830035CE72 /* SimpleUIPickerViewExample1.storyboard in Resources */ = {isa = PBXBuildFile; fileRef = 452F4F4D28F57F830035CE72 /* SimpleUIPickerViewExample1.storyboard */; };
		452F4F5028F5839E0035CE72 /* SimplePickerViewExample1ViewController.swift in Sources */ = {isa = PBXBuildFile; fileRef = 452F4F4F28F5839E0035CE72 /* SimplePickerViewExample1ViewController.swift */; };
		452F4F5228F583B60035CE72 /* CustomPickerViewAdapterExample1ViewController.swift in Sources */ = {isa = PBXBuildFile; fileRef = 452F4F5128F583B60035CE72 /* CustomPickerViewAdapterExample1ViewController.swift */; };
		452F4F5528FEB95C0035CE72 /* SimpleTableViewExample1.storyboard in Resources */ = {isa = PBXBuildFile; fileRef = 452F4F5428FEB95C0035CE72 /* SimpleTableViewExample1.storyboard */; };
		452F4F5728FEB9810035CE72 /* SimpleTableViewExample1ViewController.swift in Sources */ = {isa = PBXBuildFile; fileRef = 452F4F5628FEB9810035CE72 /* SimpleTableViewExample1ViewController.swift */; };
		452F4F5A290010000035CE72 /* SimpleTableViewExampleSectioned1.storyboard in Resources */ = {isa = PBXBuildFile; fileRef = 452F4F59290010000035CE72 /* SimpleTableViewExampleSectioned1.storyboard */; };
		452F4F5C290010180035CE72 /* SimpleTableViewExampleSectioned1ViewController.swift in Sources */ = {isa = PBXBuildFile; fileRef = 452F4F5B290010180035CE72 /* SimpleTableViewExampleSectioned1ViewController.swift */; };
		452F4F5F2900140E0035CE72 /* RxDataSources in Frameworks */ = {isa = PBXBuildFile; productRef = 452F4F5E2900140E0035CE72 /* RxDataSources */; };
		456158AC2897571A008E546F /* ActivityIndicator.swift in Sources */ = {isa = PBXBuildFile; fileRef = 456158AB2897571A008E546F /* ActivityIndicator.swift */; };
		456158B028993743008E546F /* DefaultImplementations.swift in Sources */ = {isa = PBXBuildFile; fileRef = 456158AF28993743008E546F /* DefaultImplementations.swift */; };
		456158B228993A7A008E546F /* String+URL.swift in Sources */ = {isa = PBXBuildFile; fileRef = 456158B128993A7A008E546F /* String+URL.swift */; };
		456158B4289A8B98008E546F /* ViewController+.swift in Sources */ = {isa = PBXBuildFile; fileRef = 456158B3289A8B98008E546F /* ViewController+.swift */; };
		456158B6289A8CA0008E546F /* BindingExtensions.swift in Sources */ = {isa = PBXBuildFile; fileRef = 456158B5289A8CA0008E546F /* BindingExtensions.swift */; };
		456158B828A11EBB008E546F /* GitHubSignup2.storyboard in Resources */ = {isa = PBXBuildFile; fileRef = 456158B728A11EBB008E546F /* GitHubSignup2.storyboard */; };
		456158BB28A1203A008E546F /* GitHubSignup2ViewControllerViewController.swift in Sources */ = {isa = PBXBuildFile; fileRef = 456158BA28A1203A008E546F /* GitHubSignup2ViewControllerViewController.swift */; };
		456158BD28A13DBB008E546F /* GithubSignup2ViewModel.swift in Sources */ = {isa = PBXBuildFile; fileRef = 456158BC28A13DBB008E546F /* GithubSignup2ViewModel.swift */; };
		4563C32C28A73F6B008D0647 /* APIWrappers.storyboard in Resources */ = {isa = PBXBuildFile; fileRef = 4563C32B28A73F6B008D0647 /* APIWrappers.storyboard */; };
		4563C32E28A73F8C008D0647 /* APIWrappersViewController.swift in Sources */ = {isa = PBXBuildFile; fileRef = 4563C32D28A73F8C008D0647 /* APIWrappersViewController.swift */; };
		45CDCFD628C8B14D00421D50 /* Operators.swift in Sources */ = {isa = PBXBuildFile; fileRef = 45CDCFD528C8B14D00421D50 /* Operators.swift */; };
		45D74ECC28E5AD4400AD9720 /* ImagePicker.storyboard in Resources */ = {isa = PBXBuildFile; fileRef = 45D74ECB28E5AD4400AD9720 /* ImagePicker.storyboard */; };
		45D74ECE28E5AE9A00AD9720 /* ImagePickerController1.swift in Sources */ = {isa = PBXBuildFile; fileRef = 45D74ECD28E5AE9A00AD9720 /* ImagePickerController1.swift */; };
		45D74ED028E6FEF000AD9720 /* UIImagePickerController+RxCreate.swift in Sources */ = {isa = PBXBuildFile; fileRef = 45D74ECF28E6FEF000AD9720 /* UIImagePickerController+RxCreate.swift */; };
		45DBF87D2822A23C00EA56D1 /* AppDelegate.swift in Sources */ = {isa = PBXBuildFile; fileRef = 45DBF87C2822A23C00EA56D1 /* AppDelegate.swift */; };
		45DBF87F2822A23C00EA56D1 /* SceneDelegate.swift in Sources */ = {isa = PBXBuildFile; fileRef = 45DBF87E2822A23C00EA56D1 /* SceneDelegate.swift */; };
		45DBF8812822A23C00EA56D1 /* ViewController.swift in Sources */ = {isa = PBXBuildFile; fileRef = 45DBF8802822A23C00EA56D1 /* ViewController.swift */; };
		45DBF8842822A23C00EA56D1 /* Main.storyboard in Resources */ = {isa = PBXBuildFile; fileRef = 45DBF8822822A23C00EA56D1 /* Main.storyboard */; };
		45DBF8862822A23D00EA56D1 /* Assets.xcassets in Resources */ = {isa = PBXBuildFile; fileRef = 45DBF8852822A23D00EA56D1 /* Assets.xcassets */; };
		45DBF8892822A23D00EA56D1 /* LaunchScreen.storyboard in Resources */ = {isa = PBXBuildFile; fileRef = 45DBF8872822A23D00EA56D1 /* LaunchScreen.storyboard */; };
		45DBF8932822ADA700EA56D1 /* Numbers.storyboard in Resources */ = {isa = PBXBuildFile; fileRef = 45DBF8922822ADA700EA56D1 /* Numbers.storyboard */; };
		45DBF8952822ADCD00EA56D1 /* NumbersViewController.swift in Sources */ = {isa = PBXBuildFile; fileRef = 45DBF8942822ADCD00EA56D1 /* NumbersViewController.swift */; };
		45DBF8982823367100EA56D1 /* RxCocoa in Frameworks */ = {isa = PBXBuildFile; productRef = 45DBF8972823367100EA56D1 /* RxCocoa */; };
		45DBF89A2823367100EA56D1 /* RxSwift in Frameworks */ = {isa = PBXBuildFile; productRef = 45DBF8992823367100EA56D1 /* RxSwift */; };
		45DBF89D2823DA4A00EA56D1 /* Validation.storyboard in Resources */ = {isa = PBXBuildFile; fileRef = 45DBF89C2823DA4A00EA56D1 /* Validation.storyboard */; };
		45DBF89F2823DA7300EA56D1 /* ValidationViewController.swift in Sources */ = {isa = PBXBuildFile; fileRef = 45DBF89E2823DA7300EA56D1 /* ValidationViewController.swift */; };
/* End PBXBuildFile section */

/* Begin PBXFileReference section */
		4507458D291E62BA00251AFB /* WikipediaSearch1.storyboard */ = {isa = PBXFileReference; lastKnownFileType = file.storyboard; path = WikipediaSearch1.storyboard; sourceTree = "<group>"; };
		450745922921185E00251AFB /* WikipediaSearch1ViewController.swift */ = {isa = PBXFileReference; lastKnownFileType = sourcecode.swift; path = WikipediaSearch1ViewController.swift; sourceTree = "<group>"; };
		45149A25283BEB0300A63C29 /* Geolocation.storyboard */ = {isa = PBXFileReference; lastKnownFileType = file.storyboard; path = Geolocation.storyboard; sourceTree = "<group>"; };
		45149A27283BEB4800A63C29 /* GeolocationViewController.swift */ = {isa = PBXFileReference; lastKnownFileType = sourcecode.swift; path = GeolocationViewController.swift; sourceTree = "<group>"; };
		45149A292843AFC200A63C29 /* GeolocationService.swift */ = {isa = PBXFileReference; lastKnownFileType = sourcecode.swift; path = GeolocationService.swift; sourceTree = "<group>"; };
		45149A2C284672B300A63C29 /* CLLocationManager+Rx.swift */ = {isa = PBXFileReference; lastKnownFileType = sourcecode.swift; path = "CLLocationManager+Rx.swift"; sourceTree = "<group>"; };
		45149A2E2846770800A63C29 /* RxCLLocationManagerDelegateProxy.swift */ = {isa = PBXFileReference; lastKnownFileType = sourcecode.swift; path = RxCLLocationManagerDelegateProxy.swift; sourceTree = "<group>"; };
		45149A302858E24800A63C29 /* RxImagePickerDelegateProxy.swift */ = {isa = PBXFileReference; fileEncoding = 4; lastKnownFileType = sourcecode.swift; path = RxImagePickerDelegateProxy.swift; sourceTree = "<group>"; };
		45149A312858E24800A63C29 /* UIImagePickerController+Rx.swift */ = {isa = PBXFileReference; fileEncoding = 4; lastKnownFileType = sourcecode.swift; path = "UIImagePickerController+Rx.swift"; sourceTree = "<group>"; };
		45149A352858E51F00A63C29 /* GitHubSignup1.storyboard */ = {isa = PBXFileReference; lastKnownFileType = file.storyboard; path = GitHubSignup1.storyboard; sourceTree = "<group>"; };
		45149A3C2858F42C00A63C29 /* GitHubSignup1ViewController.swift */ = {isa = PBXFileReference; lastKnownFileType = sourcecode.swift; path = GitHubSignup1ViewController.swift; sourceTree = "<group>"; };
		45149A3E285B92E000A63C29 /* GithubSignup1ViewModel.swift */ = {isa = PBXFileReference; lastKnownFileType = sourcecode.swift; path = GithubSignup1ViewModel.swift; sourceTree = "<group>"; };
		45149A40285B94DA00A63C29 /* Protocols.swift */ = {isa = PBXFileReference; lastKnownFileType = sourcecode.swift; path = Protocols.swift; sourceTree = "<group>"; };
		4525D55C28DC743D00F64262 /* Calculator.storyboard */ = {isa = PBXFileReference; lastKnownFileType = file.storyboard; path = Calculator.storyboard; sourceTree = "<group>"; };
		4525D56028E1BE1400F64262 /* Calculator1ViewController.swift */ = {isa = PBXFileReference; lastKnownFileType = sourcecode.swift; path = Calculator1ViewController.swift; sourceTree = "<group>"; };
		4525D56228E1C00500F64262 /* Calculator.swift */ = {isa = PBXFileReference; lastKnownFileType = sourcecode.swift; path = Calculator.swift; sourceTree = "<group>"; };
		4525D56428E458C600F64262 /* Observable+Extensions.swift */ = {isa = PBXFileReference; lastKnownFileType = sourcecode.swift; path = "Observable+Extensions.swift"; sourceTree = "<group>"; };
		4525D56728E45BA400F64262 /* Feedbacks.swift */ = {isa = PBXFileReference; lastKnownFileType = sourcecode.swift; path = Feedbacks.swift; sourceTree = "<group>"; };
		452B43C328662BE90040CDE4 /* Wireframe.swift */ = {isa = PBXFileReference; lastKnownFileType = sourcecode.swift; path = Wireframe.swift; sourceTree = "<group>"; };
		452F4F4D28F57F830035CE72 /* SimpleUIPickerViewExample1.storyboard */ = {isa = PBXFileReference; lastKnownFileType = file.storyboard; path = SimpleUIPickerViewExample1.storyboard; sourceTree = "<group>"; };
		452F4F4F28F5839E0035CE72 /* SimplePickerViewExample1ViewController.swift */ = {isa = PBXFileReference; lastKnownFileType = sourcecode.swift; path = SimplePickerViewExample1ViewController.swift; sourceTree = "<group>"; };
		452F4F5128F583B60035CE72 /* CustomPickerViewAdapterExample1ViewController.swift */ = {isa = PBXFileReference; lastKnownFileType = sourcecode.swift; path = CustomPickerViewAdapterExample1ViewController.swift; sourceTree = "<group>"; };
		452F4F5428FEB95C0035CE72 /* SimpleTableViewExample1.storyboard */ = {isa = PBXFileReference; lastKnownFileType = file.storyboard; path = SimpleTableViewExample1.storyboard; sourceTree = "<group>"; };
		452F4F5628FEB9810035CE72 /* SimpleTableViewExample1ViewController.swift */ = {isa = PBXFileReference; lastKnownFileType = sourcecode.swift; path = SimpleTableViewExample1ViewController.swift; sourceTree = "<group>"; };
		452F4F59290010000035CE72 /* SimpleTableViewExampleSectioned1.storyboard */ = {isa = PBXFileReference; lastKnownFileType = file.storyboard; path = SimpleTableViewExampleSectioned1.storyboard; sourceTree = "<group>"; };
		452F4F5B290010180035CE72 /* SimpleTableViewExampleSectioned1ViewController.swift */ = {isa = PBXFileReference; lastKnownFileType = sourcecode.swift; path = SimpleTableViewExampleSectioned1ViewController.swift; sourceTree = "<group>"; };
		456158AB2897571A008E546F /* ActivityIndicator.swift */ = {isa = PBXFileReference; lastKnownFileType = sourcecode.swift; path = ActivityIndicator.swift; sourceTree = "<group>"; };
		456158AF28993743008E546F /* DefaultImplementations.swift */ = {isa = PBXFileReference; lastKnownFileType = sourcecode.swift; path = DefaultImplementations.swift; sourceTree = "<group>"; };
		456158B128993A7A008E546F /* String+URL.swift */ = {isa = PBXFileReference; lastKnownFileType = sourcecode.swift; path = "String+URL.swift"; sourceTree = "<group>"; };
		456158B3289A8B98008E546F /* ViewController+.swift */ = {isa = PBXFileReference; lastKnownFileType = sourcecode.swift; path = "ViewController+.swift"; sourceTree = "<group>"; };
		456158B5289A8CA0008E546F /* BindingExtensions.swift */ = {isa = PBXFileReference; lastKnownFileType = sourcecode.swift; path = BindingExtensions.swift; sourceTree = "<group>"; };
		456158B728A11EBB008E546F /* GitHubSignup2.storyboard */ = {isa = PBXFileReference; lastKnownFileType = file.storyboard; path = GitHubSignup2.storyboard; sourceTree = "<group>"; };
		456158BA28A1203A008E546F /* GitHubSignup2ViewControllerViewController.swift */ = {isa = PBXFileReference; lastKnownFileType = sourcecode.swift; path = GitHubSignup2ViewControllerViewController.swift; sourceTree = "<group>"; };
		456158BC28A13DBB008E546F /* GithubSignup2ViewModel.swift */ = {isa = PBXFileReference; lastKnownFileType = sourcecode.swift; path = GithubSignup2ViewModel.swift; sourceTree = "<group>"; };
		4563C32B28A73F6B008D0647 /* APIWrappers.storyboard */ = {isa = PBXFileReference; lastKnownFileType = file.storyboard; path = APIWrappers.storyboard; sourceTree = "<group>"; };
		4563C32D28A73F8C008D0647 /* APIWrappersViewController.swift */ = {isa = PBXFileReference; lastKnownFileType = sourcecode.swift; path = APIWrappersViewController.swift; sourceTree = "<group>"; };
		45CDCFD528C8B14D00421D50 /* Operators.swift */ = {isa = PBXFileReference; lastKnownFileType = sourcecode.swift; path = Operators.swift; sourceTree = "<group>"; };
		45D74ECB28E5AD4400AD9720 /* ImagePicker.storyboard */ = {isa = PBXFileReference; lastKnownFileType = file.storyboard; path = ImagePicker.storyboard; sourceTree = "<group>"; };
		45D74ECD28E5AE9A00AD9720 /* ImagePickerController1.swift */ = {isa = PBXFileReference; lastKnownFileType = sourcecode.swift; path = ImagePickerController1.swift; sourceTree = "<group>"; };
		45D74ECF28E6FEF000AD9720 /* UIImagePickerController+RxCreate.swift */ = {isa = PBXFileReference; lastKnownFileType = sourcecode.swift; path = "UIImagePickerController+RxCreate.swift"; sourceTree = "<group>"; };
		45DBF8792822A23C00EA56D1 /* LearnRxSwift3.app */ = {isa = PBXFileReference; explicitFileType = wrapper.application; includeInIndex = 0; path = LearnRxSwift3.app; sourceTree = BUILT_PRODUCTS_DIR; };
		45DBF87C2822A23C00EA56D1 /* AppDelegate.swift */ = {isa = PBXFileReference; lastKnownFileType = sourcecode.swift; path = AppDelegate.swift; sourceTree = "<group>"; };
		45DBF87E2822A23C00EA56D1 /* SceneDelegate.swift */ = {isa = PBXFileReference; lastKnownFileType = sourcecode.swift; path = SceneDelegate.swift; sourceTree = "<group>"; };
		45DBF8802822A23C00EA56D1 /* ViewController.swift */ = {isa = PBXFileReference; lastKnownFileType = sourcecode.swift; path = ViewController.swift; sourceTree = "<group>"; };
		45DBF8832822A23C00EA56D1 /* Base */ = {isa = PBXFileReference; lastKnownFileType = file.storyboard; name = Base; path = Base.lproj/Main.storyboard; sourceTree = "<group>"; };
		45DBF8852822A23D00EA56D1 /* Assets.xcassets */ = {isa = PBXFileReference; lastKnownFileType = folder.assetcatalog; path = Assets.xcassets; sourceTree = "<group>"; };
		45DBF8882822A23D00EA56D1 /* Base */ = {isa = PBXFileReference; lastKnownFileType = file.storyboard; name = Base; path = Base.lproj/LaunchScreen.storyboard; sourceTree = "<group>"; };
		45DBF88A2822A23D00EA56D1 /* Info.plist */ = {isa = PBXFileReference; lastKnownFileType = text.plist.xml; path = Info.plist; sourceTree = "<group>"; };
		45DBF8922822ADA700EA56D1 /* Numbers.storyboard */ = {isa = PBXFileReference; lastKnownFileType = file.storyboard; path = Numbers.storyboard; sourceTree = "<group>"; };
		45DBF8942822ADCD00EA56D1 /* NumbersViewController.swift */ = {isa = PBXFileReference; lastKnownFileType = sourcecode.swift; path = NumbersViewController.swift; sourceTree = "<group>"; };
		45DBF89C2823DA4A00EA56D1 /* Validation.storyboard */ = {isa = PBXFileReference; lastKnownFileType = file.storyboard; path = Validation.storyboard; sourceTree = "<group>"; };
		45DBF89E2823DA7300EA56D1 /* ValidationViewController.swift */ = {isa = PBXFileReference; lastKnownFileType = sourcecode.swift; path = ValidationViewController.swift; sourceTree = "<group>"; };
/* End PBXFileReference section */

/* Begin PBXFrameworksBuildPhase section */
		45DBF8762822A23C00EA56D1 /* Frameworks */ = {
			isa = PBXFrameworksBuildPhase;
			buildActionMask = 2147483647;
			files = (
				452F4F5F2900140E0035CE72 /* RxDataSources in Frameworks */,
				45DBF89A2823367100EA56D1 /* RxSwift in Frameworks */,
				45DBF8982823367100EA56D1 /* RxCocoa in Frameworks */,
			);
			runOnlyForDeploymentPostprocessing = 0;
		};
/* End PBXFrameworksBuildPhase section */

/* Begin PBXGroup section */
		4507458C291E62A100251AFB /* WikipediaImageSearch */ = {
			isa = PBXGroup;
			children = (
				45074590291E62CF00251AFB /* Views */,
				45074591291E62DE00251AFB /* WikipediaAPI */,
				4507458F291E62C600251AFB /* ViewModels */,
				4507458D291E62BA00251AFB /* WikipediaSearch1.storyboard */,
			);
			path = WikipediaImageSearch;
			sourceTree = "<group>";
		};
		4507458F291E62C600251AFB /* ViewModels */ = {
			isa = PBXGroup;
			children = (
			);
			path = ViewModels;
			sourceTree = "<group>";
		};
		45074590291E62CF00251AFB /* Views */ = {
			isa = PBXGroup;
			children = (
				450745922921185E00251AFB /* WikipediaSearch1ViewController.swift */,
			);
			path = Views;
			sourceTree = "<group>";
		};
		45074591291E62DE00251AFB /* WikipediaAPI */ = {
			isa = PBXGroup;
			children = (
			);
			path = WikipediaAPI;
			sourceTree = "<group>";
		};
		45149A2B2846729300A63C29 /* Extensions */ = {
			isa = PBXGroup;
			children = (
				45149A302858E24800A63C29 /* RxImagePickerDelegateProxy.swift */,
				45149A312858E24800A63C29 /* UIImagePickerController+Rx.swift */,
				45149A2C284672B300A63C29 /* CLLocationManager+Rx.swift */,
				45149A2E2846770800A63C29 /* RxCLLocationManagerDelegateProxy.swift */,
			);
			path = Extensions;
			sourceTree = "<group>";
		};
		45149A342858E2E000A63C29 /* GithubSignup */ = {
			isa = PBXGroup;
			children = (
				45149A352858E51F00A63C29 /* GitHubSignup1.storyboard */,
				456158B728A11EBB008E546F /* GitHubSignup2.storyboard */,
				45149A372858EED000A63C29 /* UsingVanillaObservables > 1 */,
				456158B928A11FFB008E546F /* UsingDriver > 2 */,
				45149A40285B94DA00A63C29 /* Protocols.swift */,
				456158AF28993743008E546F /* DefaultImplementations.swift */,
				456158B5289A8CA0008E546F /* BindingExtensions.swift */,
			);
			path = GithubSignup;
			sourceTree = "<group>";
		};
		45149A372858EED000A63C29 /* UsingVanillaObservables > 1 */ = {
			isa = PBXGroup;
			children = (
				45149A3C2858F42C00A63C29 /* GitHubSignup1ViewController.swift */,
				45149A3E285B92E000A63C29 /* GithubSignup1ViewModel.swift */,
			);
			path = "UsingVanillaObservables > 1";
			sourceTree = "<group>";
		};
		4525D55B28DC741700F64262 /* Calculator */ = {
			isa = PBXGroup;
			children = (
				4525D55C28DC743D00F64262 /* Calculator.storyboard */,
				4525D56028E1BE1400F64262 /* Calculator1ViewController.swift */,
				4525D56228E1C00500F64262 /* Calculator.swift */,
			);
			path = Calculator;
			sourceTree = "<group>";
		};
		4525D56628E45B0000F64262 /* iOS */ = {
			isa = PBXGroup;
			children = (
				45DBF87C2822A23C00EA56D1 /* AppDelegate.swift */,
				45DBF87E2822A23C00EA56D1 /* SceneDelegate.swift */,
				45DBF8802822A23C00EA56D1 /* ViewController.swift */,
				45DBF8822822A23C00EA56D1 /* Main.storyboard */,
				45DBF8872822A23D00EA56D1 /* LaunchScreen.storyboard */,
				45DBF8852822A23D00EA56D1 /* Assets.xcassets */,
			);
			path = iOS;
			sourceTree = "<group>";
		};
		452B43C128662BA80040CDE4 /* Example */ = {
			isa = PBXGroup;
			children = (
				4507458C291E62A100251AFB /* WikipediaImageSearch */,
				452F4F5829000FDF0035CE72 /* SimpleTableViewExampleSectioned */,
				452F4F5328FEB9390035CE72 /* SimpleTableViewExample */,
				452F4F4C28F57F5A0035CE72 /* UIPickerViewExample */,
				45D74ECA28E5AD2C00AD9720 /* ImagePicker */,
				4525D55B28DC741700F64262 /* Calculator */,
				4563C32A28A73F57008D0647 /* APIWrappers */,
				45149A342858E2E000A63C29 /* GithubSignup */,
				45E56835283A9CDC005D2FF4 /* GeolocationExample */,
				45DBF89B2823DA2900EA56D1 /* validation */,
				45DBF8912822AD9600EA56D1 /* Numbers */,
			);
			path = Example;
			sourceTree = "<group>";
		};
		452B43C228662BC70040CDE4 /* Services */ = {
			isa = PBXGroup;
			children = (
				452B43C328662BE90040CDE4 /* Wireframe.swift */,
				456158AB2897571A008E546F /* ActivityIndicator.swift */,
			);
			path = Services;
			sourceTree = "<group>";
		};
		452F4F4C28F57F5A0035CE72 /* UIPickerViewExample */ = {
			isa = PBXGroup;
			children = (
				452F4F4D28F57F830035CE72 /* SimpleUIPickerViewExample1.storyboard */,
				452F4F4F28F5839E0035CE72 /* SimplePickerViewExample1ViewController.swift */,
				452F4F5128F583B60035CE72 /* CustomPickerViewAdapterExample1ViewController.swift */,
			);
			path = UIPickerViewExample;
			sourceTree = "<group>";
		};
		452F4F5328FEB9390035CE72 /* SimpleTableViewExample */ = {
			isa = PBXGroup;
			children = (
				452F4F5428FEB95C0035CE72 /* SimpleTableViewExample1.storyboard */,
				452F4F5628FEB9810035CE72 /* SimpleTableViewExample1ViewController.swift */,
			);
			path = SimpleTableViewExample;
			sourceTree = "<group>";
		};
		452F4F5829000FDF0035CE72 /* SimpleTableViewExampleSectioned */ = {
			isa = PBXGroup;
			children = (
				452F4F59290010000035CE72 /* SimpleTableViewExampleSectioned1.storyboard */,
				452F4F5B290010180035CE72 /* SimpleTableViewExampleSectioned1ViewController.swift */,
			);
			path = SimpleTableViewExampleSectioned;
			sourceTree = "<group>";
		};
		456158B928A11FFB008E546F /* UsingDriver > 2 */ = {
			isa = PBXGroup;
			children = (
				456158BA28A1203A008E546F /* GitHubSignup2ViewControllerViewController.swift */,
				456158BC28A13DBB008E546F /* GithubSignup2ViewModel.swift */,
			);
			path = "UsingDriver > 2";
			sourceTree = "<group>";
		};
		4563C32A28A73F57008D0647 /* APIWrappers */ = {
			isa = PBXGroup;
			children = (
				4563C32B28A73F6B008D0647 /* APIWrappers.storyboard */,
				4563C32D28A73F8C008D0647 /* APIWrappersViewController.swift */,
			);
			path = APIWrappers;
			sourceTree = "<group>";
		};
		45D74ECA28E5AD2C00AD9720 /* ImagePicker */ = {
			isa = PBXGroup;
			children = (
				45D74ECB28E5AD4400AD9720 /* ImagePicker.storyboard */,
				45D74ECD28E5AE9A00AD9720 /* ImagePickerController1.swift */,
				45D74ECF28E6FEF000AD9720 /* UIImagePickerController+RxCreate.swift */,
			);
			path = ImagePicker;
			sourceTree = "<group>";
		};
		45DBF8702822A23C00EA56D1 = {
			isa = PBXGroup;
			children = (
				45DBF87B2822A23C00EA56D1 /* LearnRxSwift3 */,
				45DBF87A2822A23C00EA56D1 /* Products */,
			);
			sourceTree = "<group>";
		};
		45DBF87A2822A23C00EA56D1 /* Products */ = {
			isa = PBXGroup;
			children = (
				45DBF8792822A23C00EA56D1 /* LearnRxSwift3.app */,
			);
			name = Products;
			sourceTree = "<group>";
		};
		45DBF87B2822A23C00EA56D1 /* LearnRxSwift3 */ = {
			isa = PBXGroup;
			children = (
				4525D56628E45B0000F64262 /* iOS */,
				452B43C228662BC70040CDE4 /* Services */,
				452B43C128662BA80040CDE4 /* Example */,
				45149A2B2846729300A63C29 /* Extensions */,
				4525D56428E458C600F64262 /* Observable+Extensions.swift */,
				45CDCFD528C8B14D00421D50 /* Operators.swift */,
				4525D56728E45BA400F64262 /* Feedbacks.swift */,
				45149A292843AFC200A63C29 /* GeolocationService.swift */,
				456158B128993A7A008E546F /* String+URL.swift */,
				456158B3289A8B98008E546F /* ViewController+.swift */,
				45DBF88A2822A23D00EA56D1 /* Info.plist */,
			);
			path = LearnRxSwift3;
			sourceTree = "<group>";
		};
		45DBF8912822AD9600EA56D1 /* Numbers */ = {
			isa = PBXGroup;
			children = (
				45DBF8922822ADA700EA56D1 /* Numbers.storyboard */,
				45DBF8942822ADCD00EA56D1 /* NumbersViewController.swift */,
			);
			path = Numbers;
			sourceTree = "<group>";
		};
		45DBF89B2823DA2900EA56D1 /* validation */ = {
			isa = PBXGroup;
			children = (
				45DBF89C2823DA4A00EA56D1 /* Validation.storyboard */,
				45DBF89E2823DA7300EA56D1 /* ValidationViewController.swift */,
			);
			path = validation;
			sourceTree = "<group>";
		};
		45E56835283A9CDC005D2FF4 /* GeolocationExample */ = {
			isa = PBXGroup;
			children = (
				45149A25283BEB0300A63C29 /* Geolocation.storyboard */,
				45149A27283BEB4800A63C29 /* GeolocationViewController.swift */,
			);
			path = GeolocationExample;
			sourceTree = "<group>";
		};
/* End PBXGroup section */

/* Begin PBXNativeTarget section */
		45DBF8782822A23C00EA56D1 /* LearnRxSwift3 */ = {
			isa = PBXNativeTarget;
			buildConfigurationList = 45DBF88D2822A23D00EA56D1 /* Build configuration list for PBXNativeTarget "LearnRxSwift3" */;
			buildPhases = (
				45DBF8752822A23C00EA56D1 /* Sources */,
				45DBF8762822A23C00EA56D1 /* Frameworks */,
				45DBF8772822A23C00EA56D1 /* Resources */,
			);
			buildRules = (
			);
			dependencies = (
			);
			name = LearnRxSwift3;
			packageProductDependencies = (
				45DBF8972823367100EA56D1 /* RxCocoa */,
				45DBF8992823367100EA56D1 /* RxSwift */,
				452F4F5E2900140E0035CE72 /* RxDataSources */,
			);
			productName = LearnRxSwift3;
			productReference = 45DBF8792822A23C00EA56D1 /* LearnRxSwift3.app */;
			productType = "com.apple.product-type.application";
		};
/* End PBXNativeTarget section */

/* Begin PBXProject section */
		45DBF8712822A23C00EA56D1 /* Project object */ = {
			isa = PBXProject;
			attributes = {
				BuildIndependentTargetsInParallel = 1;
				LastSwiftUpdateCheck = 1320;
				LastUpgradeCheck = 1320;
				TargetAttributes = {
					45DBF8782822A23C00EA56D1 = {
						CreatedOnToolsVersion = 13.2.1;
					};
				};
			};
			buildConfigurationList = 45DBF8742822A23C00EA56D1 /* Build configuration list for PBXProject "LearnRxSwift3" */;
			compatibilityVersion = "Xcode 13.0";
			developmentRegion = en;
			hasScannedForEncodings = 0;
			knownRegions = (
				en,
				Base,
			);
			mainGroup = 45DBF8702822A23C00EA56D1;
			packageReferences = (
				45DBF8962823367100EA56D1 /* XCRemoteSwiftPackageReference "RxSwift" */,
				452F4F5D2900140E0035CE72 /* XCRemoteSwiftPackageReference "RxDataSources" */,
			);
			productRefGroup = 45DBF87A2822A23C00EA56D1 /* Products */;
			projectDirPath = "";
			projectRoot = "";
			targets = (
				45DBF8782822A23C00EA56D1 /* LearnRxSwift3 */,
			);
		};
/* End PBXProject section */

/* Begin PBXResourcesBuildPhase section */
		45DBF8772822A23C00EA56D1 /* Resources */ = {
			isa = PBXResourcesBuildPhase;
			buildActionMask = 2147483647;
			files = (
				4507458E291E62BA00251AFB /* WikipediaSearch1.storyboard in Resources */,
				45149A362858E51F00A63C29 /* GitHubSignup1.storyboard in Resources */,
				45DBF8892822A23D00EA56D1 /* LaunchScreen.storyboard in Resources */,
				456158B828A11EBB008E546F /* GitHubSignup2.storyboard in Resources */,
				45149A26283BEB0300A63C29 /* Geolocation.storyboard in Resources */,
				45DBF8932822ADA700EA56D1 /* Numbers.storyboard in Resources */,
				45DBF8862822A23D00EA56D1 /* Assets.xcassets in Resources */,
				4525D55D28DC743D00F64262 /* Calculator.storyboard in Resources */,
				4563C32C28A73F6B008D0647 /* APIWrappers.storyboard in Resources */,
				452F4F5528FEB95C0035CE72 /* SimpleTableViewExample1.storyboard in Resources */,
				45DBF89D2823DA4A00EA56D1 /* Validation.storyboard in Resources */,
				452F4F5A290010000035CE72 /* SimpleTableViewExampleSectioned1.storyboard in Resources */,
				45DBF8842822A23C00EA56D1 /* Main.storyboard in Resources */,
				452F4F4E28F57F830035CE72 /* SimpleUIPickerViewExample1.storyboard in Resources */,
				45D74ECC28E5AD4400AD9720 /* ImagePicker.storyboard in Resources */,
			);
			runOnlyForDeploymentPostprocessing = 0;
		};
/* End PBXResourcesBuildPhase section */

/* Begin PBXSourcesBuildPhase section */
		45DBF8752822A23C00EA56D1 /* Sources */ = {
			isa = PBXSourcesBuildPhase;
			buildActionMask = 2147483647;
			files = (
				452F4F5728FEB9810035CE72 /* SimpleTableViewExample1ViewController.swift in Sources */,
				45D74ECE28E5AE9A00AD9720 /* ImagePickerController1.swift in Sources */,
				4525D56128E1BE1400F64262 /* Calculator1ViewController.swift in Sources */,
				45149A2A2843AFC200A63C29 /* GeolocationService.swift in Sources */,
				450745932921185E00251AFB /* WikipediaSearch1ViewController.swift in Sources */,
				45D74ED028E6FEF000AD9720 /* UIImagePickerController+RxCreate.swift in Sources */,
				456158BD28A13DBB008E546F /* GithubSignup2ViewModel.swift in Sources */,
				45149A2F2846770800A63C29 /* RxCLLocationManagerDelegateProxy.swift in Sources */,
				45DBF8812822A23C00EA56D1 /* ViewController.swift in Sources */,
				4525D56328E1C00500F64262 /* Calculator.swift in Sources */,
				45DBF8952822ADCD00EA56D1 /* NumbersViewController.swift in Sources */,
				45149A332858E24800A63C29 /* UIImagePickerController+Rx.swift in Sources */,
				452B43C428662BE90040CDE4 /* Wireframe.swift in Sources */,
				456158B6289A8CA0008E546F /* BindingExtensions.swift in Sources */,
				45149A2D284672B300A63C29 /* CLLocationManager+Rx.swift in Sources */,
				452F4F5028F5839E0035CE72 /* SimplePickerViewExample1ViewController.swift in Sources */,
				456158BB28A1203A008E546F /* GitHubSignup2ViewControllerViewController.swift in Sources */,
				45DBF87D2822A23C00EA56D1 /* AppDelegate.swift in Sources */,
				45149A3F285B92E000A63C29 /* GithubSignup1ViewModel.swift in Sources */,
				452F4F5C290010180035CE72 /* SimpleTableViewExampleSectioned1ViewController.swift in Sources */,
				456158B228993A7A008E546F /* String+URL.swift in Sources */,
				45149A322858E24800A63C29 /* RxImagePickerDelegateProxy.swift in Sources */,
				45149A41285B94DA00A63C29 /* Protocols.swift in Sources */,
				4525D56528E458C600F64262 /* Observable+Extensions.swift in Sources */,
				45CDCFD628C8B14D00421D50 /* Operators.swift in Sources */,
				45DBF87F2822A23C00EA56D1 /* SceneDelegate.swift in Sources */,
				456158B4289A8B98008E546F /* ViewController+.swift in Sources */,
				456158AC2897571A008E546F /* ActivityIndicator.swift in Sources */,
				4525D56828E45BA400F64262 /* Feedbacks.swift in Sources */,
				45DBF89F2823DA7300EA56D1 /* ValidationViewController.swift in Sources */,
				456158B028993743008E546F /* DefaultImplementations.swift in Sources */,
				45149A28283BEB4800A63C29 /* GeolocationViewController.swift in Sources */,
				45149A3D2858F42C00A63C29 /* GitHubSignup1ViewController.swift in Sources */,
				4563C32E28A73F8C008D0647 /* APIWrappersViewController.swift in Sources */,
				452F4F5228F583B60035CE72 /* CustomPickerViewAdapterExample1ViewController.swift in Sources */,
			);
			runOnlyForDeploymentPostprocessing = 0;
		};
/* End PBXSourcesBuildPhase section */

/* Begin PBXVariantGroup section */
		45DBF8822822A23C00EA56D1 /* Main.storyboard */ = {
			isa = PBXVariantGroup;
			children = (
				45DBF8832822A23C00EA56D1 /* Base */,
			);
			name = Main.storyboard;
			sourceTree = "<group>";
		};
		45DBF8872822A23D00EA56D1 /* LaunchScreen.storyboard */ = {
			isa = PBXVariantGroup;
			children = (
				45DBF8882822A23D00EA56D1 /* Base */,
			);
			name = LaunchScreen.storyboard;
			sourceTree = "<group>";
		};
/* End PBXVariantGroup section */

/* Begin XCBuildConfiguration section */
		45DBF88B2822A23D00EA56D1 /* Debug */ = {
			isa = XCBuildConfiguration;
			buildSettings = {
				ALWAYS_SEARCH_USER_PATHS = NO;
				CLANG_ANALYZER_NONNULL = YES;
				CLANG_ANALYZER_NUMBER_OBJECT_CONVERSION = YES_AGGRESSIVE;
				CLANG_CXX_LANGUAGE_STANDARD = "gnu++17";
				CLANG_CXX_LIBRARY = "libc++";
				CLANG_ENABLE_MODULES = YES;
				CLANG_ENABLE_OBJC_ARC = YES;
				CLANG_ENABLE_OBJC_WEAK = YES;
				CLANG_WARN_BLOCK_CAPTURE_AUTORELEASING = YES;
				CLANG_WARN_BOOL_CONVERSION = YES;
				CLANG_WARN_COMMA = YES;
				CLANG_WARN_CONSTANT_CONVERSION = YES;
				CLANG_WARN_DEPRECATED_OBJC_IMPLEMENTATIONS = YES;
				CLANG_WARN_DIRECT_OBJC_ISA_USAGE = YES_ERROR;
				CLANG_WARN_DOCUMENTATION_COMMENTS = YES;
				CLANG_WARN_EMPTY_BODY = YES;
				CLANG_WARN_ENUM_CONVERSION = YES;
				CLANG_WARN_INFINITE_RECURSION = YES;
				CLANG_WARN_INT_CONVERSION = YES;
				CLANG_WARN_NON_LITERAL_NULL_CONVERSION = YES;
				CLANG_WARN_OBJC_IMPLICIT_RETAIN_SELF = YES;
				CLANG_WARN_OBJC_LITERAL_CONVERSION = YES;
				CLANG_WARN_OBJC_ROOT_CLASS = YES_ERROR;
				CLANG_WARN_QUOTED_INCLUDE_IN_FRAMEWORK_HEADER = YES;
				CLANG_WARN_RANGE_LOOP_ANALYSIS = YES;
				CLANG_WARN_STRICT_PROTOTYPES = YES;
				CLANG_WARN_SUSPICIOUS_MOVE = YES;
				CLANG_WARN_UNGUARDED_AVAILABILITY = YES_AGGRESSIVE;
				CLANG_WARN_UNREACHABLE_CODE = YES;
				CLANG_WARN__DUPLICATE_METHOD_MATCH = YES;
				COPY_PHASE_STRIP = NO;
				DEBUG_INFORMATION_FORMAT = dwarf;
				ENABLE_STRICT_OBJC_MSGSEND = YES;
				ENABLE_TESTABILITY = YES;
				GCC_C_LANGUAGE_STANDARD = gnu11;
				GCC_DYNAMIC_NO_PIC = NO;
				GCC_NO_COMMON_BLOCKS = YES;
				GCC_OPTIMIZATION_LEVEL = 0;
				GCC_PREPROCESSOR_DEFINITIONS = (
					"DEBUG=1",
					"$(inherited)",
				);
				GCC_WARN_64_TO_32_BIT_CONVERSION = YES;
				GCC_WARN_ABOUT_RETURN_TYPE = YES_ERROR;
				GCC_WARN_UNDECLARED_SELECTOR = YES;
				GCC_WARN_UNINITIALIZED_AUTOS = YES_AGGRESSIVE;
				GCC_WARN_UNUSED_FUNCTION = YES;
				GCC_WARN_UNUSED_VARIABLE = YES;
				IPHONEOS_DEPLOYMENT_TARGET = 15.2;
				MTL_ENABLE_DEBUG_INFO = INCLUDE_SOURCE;
				MTL_FAST_MATH = YES;
				ONLY_ACTIVE_ARCH = YES;
				SDKROOT = iphoneos;
				SWIFT_ACTIVE_COMPILATION_CONDITIONS = DEBUG;
				SWIFT_OPTIMIZATION_LEVEL = "-Onone";
			};
			name = Debug;
		};
		45DBF88C2822A23D00EA56D1 /* Release */ = {
			isa = XCBuildConfiguration;
			buildSettings = {
				ALWAYS_SEARCH_USER_PATHS = NO;
				CLANG_ANALYZER_NONNULL = YES;
				CLANG_ANALYZER_NUMBER_OBJECT_CONVERSION = YES_AGGRESSIVE;
				CLANG_CXX_LANGUAGE_STANDARD = "gnu++17";
				CLANG_CXX_LIBRARY = "libc++";
				CLANG_ENABLE_MODULES = YES;
				CLANG_ENABLE_OBJC_ARC = YES;
				CLANG_ENABLE_OBJC_WEAK = YES;
				CLANG_WARN_BLOCK_CAPTURE_AUTORELEASING = YES;
				CLANG_WARN_BOOL_CONVERSION = YES;
				CLANG_WARN_COMMA = YES;
				CLANG_WARN_CONSTANT_CONVERSION = YES;
				CLANG_WARN_DEPRECATED_OBJC_IMPLEMENTATIONS = YES;
				CLANG_WARN_DIRECT_OBJC_ISA_USAGE = YES_ERROR;
				CLANG_WARN_DOCUMENTATION_COMMENTS = YES;
				CLANG_WARN_EMPTY_BODY = YES;
				CLANG_WARN_ENUM_CONVERSION = YES;
				CLANG_WARN_INFINITE_RECURSION = YES;
				CLANG_WARN_INT_CONVERSION = YES;
				CLANG_WARN_NON_LITERAL_NULL_CONVERSION = YES;
				CLANG_WARN_OBJC_IMPLICIT_RETAIN_SELF = YES;
				CLANG_WARN_OBJC_LITERAL_CONVERSION = YES;
				CLANG_WARN_OBJC_ROOT_CLASS = YES_ERROR;
				CLANG_WARN_QUOTED_INCLUDE_IN_FRAMEWORK_HEADER = YES;
				CLANG_WARN_RANGE_LOOP_ANALYSIS = YES;
				CLANG_WARN_STRICT_PROTOTYPES = YES;
				CLANG_WARN_SUSPICIOUS_MOVE = YES;
				CLANG_WARN_UNGUARDED_AVAILABILITY = YES_AGGRESSIVE;
				CLANG_WARN_UNREACHABLE_CODE = YES;
				CLANG_WARN__DUPLICATE_METHOD_MATCH = YES;
				COPY_PHASE_STRIP = NO;
				DEBUG_INFORMATION_FORMAT = "dwarf-with-dsym";
				ENABLE_NS_ASSERTIONS = NO;
				ENABLE_STRICT_OBJC_MSGSEND = YES;
				GCC_C_LANGUAGE_STANDARD = gnu11;
				GCC_NO_COMMON_BLOCKS = YES;
				GCC_WARN_64_TO_32_BIT_CONVERSION = YES;
				GCC_WARN_ABOUT_RETURN_TYPE = YES_ERROR;
				GCC_WARN_UNDECLARED_SELECTOR = YES;
				GCC_WARN_UNINITIALIZED_AUTOS = YES_AGGRESSIVE;
				GCC_WARN_UNUSED_FUNCTION = YES;
				GCC_WARN_UNUSED_VARIABLE = YES;
				IPHONEOS_DEPLOYMENT_TARGET = 15.2;
				MTL_ENABLE_DEBUG_INFO = NO;
				MTL_FAST_MATH = YES;
				SDKROOT = iphoneos;
				SWIFT_COMPILATION_MODE = wholemodule;
				SWIFT_OPTIMIZATION_LEVEL = "-O";
				VALIDATE_PRODUCT = YES;
			};
			name = Release;
		};
		45DBF88E2822A23D00EA56D1 /* Debug */ = {
			isa = XCBuildConfiguration;
			buildSettings = {
				ASSETCATALOG_COMPILER_APPICON_NAME = AppIcon;
				ASSETCATALOG_COMPILER_GLOBAL_ACCENT_COLOR_NAME = AccentColor;
				CODE_SIGN_STYLE = Automatic;
				CURRENT_PROJECT_VERSION = 1;
				DEVELOPMENT_TEAM = 7T59TQJ3KS;
				GENERATE_INFOPLIST_FILE = YES;
				INFOPLIST_FILE = LearnRxSwift3/Info.plist;
				INFOPLIST_KEY_UIApplicationSupportsIndirectInputEvents = YES;
				INFOPLIST_KEY_UILaunchStoryboardName = LaunchScreen;
				INFOPLIST_KEY_UIMainStoryboardFile = Main;
				INFOPLIST_KEY_UISupportedInterfaceOrientations_iPad = "UIInterfaceOrientationPortrait UIInterfaceOrientationPortraitUpsideDown UIInterfaceOrientationLandscapeLeft UIInterfaceOrientationLandscapeRight";
				INFOPLIST_KEY_UISupportedInterfaceOrientations_iPhone = "UIInterfaceOrientationPortrait UIInterfaceOrientationLandscapeLeft UIInterfaceOrientationLandscapeRight";
				IPHONEOS_DEPLOYMENT_TARGET = 15.0;
				LD_RUNPATH_SEARCH_PATHS = (
					"$(inherited)",
					"@executable_path/Frameworks",
				);
				MARKETING_VERSION = 1.0;
				PRODUCT_BUNDLE_IDENTIFIER = jp.air.LearnRxSwift3;
				PRODUCT_NAME = "$(TARGET_NAME)";
				SWIFT_EMIT_LOC_STRINGS = YES;
				SWIFT_VERSION = 5.0;
				TARGETED_DEVICE_FAMILY = "1,2";
			};
			name = Debug;
		};
		45DBF88F2822A23D00EA56D1 /* Release */ = {
			isa = XCBuildConfiguration;
			buildSettings = {
				ASSETCATALOG_COMPILER_APPICON_NAME = AppIcon;
				ASSETCATALOG_COMPILER_GLOBAL_ACCENT_COLOR_NAME = AccentColor;
				CODE_SIGN_STYLE = Automatic;
				CURRENT_PROJECT_VERSION = 1;
				DEVELOPMENT_TEAM = 7T59TQJ3KS;
				GENERATE_INFOPLIST_FILE = YES;
				INFOPLIST_FILE = LearnRxSwift3/Info.plist;
				INFOPLIST_KEY_UIApplicationSupportsIndirectInputEvents = YES;
				INFOPLIST_KEY_UILaunchStoryboardName = LaunchScreen;
				INFOPLIST_KEY_UIMainStoryboardFile = Main;
				INFOPLIST_KEY_UISupportedInterfaceOrientations_iPad = "UIInterfaceOrientationPortrait UIInterfaceOrientationPortraitUpsideDown UIInterfaceOrientationLandscapeLeft UIInterfaceOrientationLandscapeRight";
				INFOPLIST_KEY_UISupportedInterfaceOrientations_iPhone = "UIInterfaceOrientationPortrait UIInterfaceOrientationLandscapeLeft UIInterfaceOrientationLandscapeRight";
				IPHONEOS_DEPLOYMENT_TARGET = 15.0;
				LD_RUNPATH_SEARCH_PATHS = (
					"$(inherited)",
					"@executable_path/Frameworks",
				);
				MARKETING_VERSION = 1.0;
				PRODUCT_BUNDLE_IDENTIFIER = jp.air.LearnRxSwift3;
				PRODUCT_NAME = "$(TARGET_NAME)";
				SWIFT_EMIT_LOC_STRINGS = YES;
				SWIFT_VERSION = 5.0;
				TARGETED_DEVICE_FAMILY = "1,2";
			};
			name = Release;
		};
/* End XCBuildConfiguration section */

/* Begin XCConfigurationList section */
		45DBF8742822A23C00EA56D1 /* Build configuration list for PBXProject "LearnRxSwift3" */ = {
			isa = XCConfigurationList;
			buildConfigurations = (
				45DBF88B2822A23D00EA56D1 /* Debug */,
				45DBF88C2822A23D00EA56D1 /* Release */,
			);
			defaultConfigurationIsVisible = 0;
			defaultConfigurationName = Release;
		};
		45DBF88D2822A23D00EA56D1 /* Build configuration list for PBXNativeTarget "LearnRxSwift3" */ = {
			isa = XCConfigurationList;
			buildConfigurations = (
				45DBF88E2822A23D00EA56D1 /* Debug */,
				45DBF88F2822A23D00EA56D1 /* Release */,
			);
			defaultConfigurationIsVisible = 0;
			defaultConfigurationName = Release;
		};
/* End XCConfigurationList section */

/* Begin XCRemoteSwiftPackageReference section */
		452F4F5D2900140E0035CE72 /* XCRemoteSwiftPackageReference "RxDataSources" */ = {
			isa = XCRemoteSwiftPackageReference;
			repositoryURL = "https://github.com/RxSwiftCommunity/RxDataSources";
			requirement = {
				kind = upToNextMajorVersion;
				minimumVersion = 5.0.0;
			};
		};
		45DBF8962823367100EA56D1 /* XCRemoteSwiftPackageReference "RxSwift" */ = {
			isa = XCRemoteSwiftPackageReference;
			repositoryURL = "https://github.com/ReactiveX/RxSwift";
			requirement = {
				branch = main;
				kind = branch;
			};
		};
/* End XCRemoteSwiftPackageReference section */

/* Begin XCSwiftPackageProductDependency section */
		452F4F5E2900140E0035CE72 /* RxDataSources */ = {
			isa = XCSwiftPackageProductDependency;
			package = 452F4F5D2900140E0035CE72 /* XCRemoteSwiftPackageReference "RxDataSources" */;
			productName = RxDataSources;
		};
		45DBF8972823367100EA56D1 /* RxCocoa */ = {
			isa = XCSwiftPackageProductDependency;
			package = 45DBF8962823367100EA56D1 /* XCRemoteSwiftPackageReference "RxSwift" */;
			productName = RxCocoa;
		};
		45DBF8992823367100EA56D1 /* RxSwift */ = {
			isa = XCSwiftPackageProductDependency;
			package = 45DBF8962823367100EA56D1 /* XCRemoteSwiftPackageReference "RxSwift" */;
			productName = RxSwift;
		};
/* End XCSwiftPackageProductDependency section */
	};
	rootObject = 45DBF8712822A23C00EA56D1 /* Project object */;
}
