// !$*UTF8*$!
{
	archiveVersion = 1;
	classes = {
	};
	objectVersion = 55;
	objects = {

/* Begin PBXBuildFile section */
		455EB40D27FDF26C001999A0 /* AppDelegate.swift in Sources */ = {isa = PBXBuildFile; fileRef = 455EB40C27FDF26C001999A0 /* AppDelegate.swift */; };
		455EB40F27FDF26C001999A0 /* SceneDelegate.swift in Sources */ = {isa = PBXBuildFile; fileRef = 455EB40E27FDF26C001999A0 /* SceneDelegate.swift */; };
		455EB41127FDF26C001999A0 /* ViewController.swift in Sources */ = {isa = PBXBuildFile; fileRef = 455EB41027FDF26C001999A0 /* ViewController.swift */; };
		455EB41427FDF26C001999A0 /* Main.storyboard in Resources */ = {isa = PBXBuildFile; fileRef = 455EB41227FDF26C001999A0 /* Main.storyboard */; };
		455EB41627FDF26D001999A0 /* Assets.xcassets in Resources */ = {isa = PBXBuildFile; fileRef = 455EB41527FDF26D001999A0 /* Assets.xcassets */; };
		455EB41927FDF26D001999A0 /* LaunchScreen.storyboard in Resources */ = {isa = PBXBuildFile; fileRef = 455EB41727FDF26D001999A0 /* LaunchScreen.storyboard */; };
		D1A7BCB5796E7336B35D434E /* Pods_LearnRxSwift1.framework in Frameworks */ = {isa = PBXBuildFile; fileRef = 2CD79A7340B696F31EB0B3F3 /* Pods_LearnRxSwift1.framework */; };
/* End PBXBuildFile section */

/* Begin PBXFileReference section */
		2CD79A7340B696F31EB0B3F3 /* Pods_LearnRxSwift1.framework */ = {isa = PBXFileReference; explicitFileType = wrapper.framework; includeInIndex = 0; path = Pods_LearnRxSwift1.framework; sourceTree = BUILT_PRODUCTS_DIR; };
		455EB40927FDF26C001999A0 /* LearnRxSwift1.app */ = {isa = PBXFileReference; explicitFileType = wrapper.application; includeInIndex = 0; path = LearnRxSwift1.app; sourceTree = BUILT_PRODUCTS_DIR; };
		455EB40C27FDF26C001999A0 /* AppDelegate.swift */ = {isa = PBXFileReference; lastKnownFileType = sourcecode.swift; path = AppDelegate.swift; sourceTree = "<group>"; };
		455EB40E27FDF26C001999A0 /* SceneDelegate.swift */ = {isa = PBXFileReference; lastKnownFileType = sourcecode.swift; path = SceneDelegate.swift; sourceTree = "<group>"; };
		455EB41027FDF26C001999A0 /* ViewController.swift */ = {isa = PBXFileReference; lastKnownFileType = sourcecode.swift; path = ViewController.swift; sourceTree = "<group>"; };
		455EB41327FDF26C001999A0 /* Base */ = {isa = PBXFileReference; lastKnownFileType = file.storyboard; name = Base; path = Base.lproj/Main.storyboard; sourceTree = "<group>"; };
		455EB41527FDF26D001999A0 /* Assets.xcassets */ = {isa = PBXFileReference; lastKnownFileType = folder.assetcatalog; path = Assets.xcassets; sourceTree = "<group>"; };
		455EB41827FDF26D001999A0 /* Base */ = {isa = PBXFileReference; lastKnownFileType = file.storyboard; name = Base; path = Base.lproj/LaunchScreen.storyboard; sourceTree = "<group>"; };
		455EB41A27FDF26D001999A0 /* Info.plist */ = {isa = PBXFileReference; lastKnownFileType = text.plist.xml; path = Info.plist; sourceTree = "<group>"; };
		CBE69BBD4A5AF4C7C0078DB8 /* Pods-LearnRxSwift1.debug.xcconfig */ = {isa = PBXFileReference; includeInIndex = 1; lastKnownFileType = text.xcconfig; name = "Pods-LearnRxSwift1.debug.xcconfig"; path = "Target Support Files/Pods-LearnRxSwift1/Pods-LearnRxSwift1.debug.xcconfig"; sourceTree = "<group>"; };
		E96DC864959103FBF8BD41FF /* Pods-LearnRxSwift1.release.xcconfig */ = {isa = PBXFileReference; includeInIndex = 1; lastKnownFileType = text.xcconfig; name = "Pods-LearnRxSwift1.release.xcconfig"; path = "Target Support Files/Pods-LearnRxSwift1/Pods-LearnRxSwift1.release.xcconfig"; sourceTree = "<group>"; };
/* End PBXFileReference section */

/* Begin PBXFrameworksBuildPhase section */
		455EB40627FDF26C001999A0 /* Frameworks */ = {
			isa = PBXFrameworksBuildPhase;
			buildActionMask = 2147483647;
			files = (
				D1A7BCB5796E7336B35D434E /* Pods_LearnRxSwift1.framework in Frameworks */,
			);
			runOnlyForDeploymentPostprocessing = 0;
		};
/* End PBXFrameworksBuildPhase section */

/* Begin PBXGroup section */
		455EB40027FDF26C001999A0 = {
			isa = PBXGroup;
			children = (
				455EB40B27FDF26C001999A0 /* LearnRxSwift1 */,
				455EB40A27FDF26C001999A0 /* Products */,
				8F6F0E2F53BA806A533CF0AE /* Pods */,
				A1EC7FE12D6EB342903A1998 /* Frameworks */,
			);
			sourceTree = "<group>";
		};
		455EB40A27FDF26C001999A0 /* Products */ = {
			isa = PBXGroup;
			children = (
				455EB40927FDF26C001999A0 /* LearnRxSwift1.app */,
			);
			name = Products;
			sourceTree = "<group>";
		};
		455EB40B27FDF26C001999A0 /* LearnRxSwift1 */ = {
			isa = PBXGroup;
			children = (
				455EB40C27FDF26C001999A0 /* AppDelegate.swift */,
				455EB40E27FDF26C001999A0 /* SceneDelegate.swift */,
				455EB41027FDF26C001999A0 /* ViewController.swift */,
				455EB41227FDF26C001999A0 /* Main.storyboard */,
				455EB41527FDF26D001999A0 /* Assets.xcassets */,
				455EB41727FDF26D001999A0 /* LaunchScreen.storyboard */,
				455EB41A27FDF26D001999A0 /* Info.plist */,
			);
			path = LearnRxSwift1;
			sourceTree = "<group>";
		};
		8F6F0E2F53BA806A533CF0AE /* Pods */ = {
			isa = PBXGroup;
			children = (
				CBE69BBD4A5AF4C7C0078DB8 /* Pods-LearnRxSwift1.debug.xcconfig */,
				E96DC864959103FBF8BD41FF /* Pods-LearnRxSwift1.release.xcconfig */,
			);
			name = Pods;
			path = Pods;
			sourceTree = "<group>";
		};
		A1EC7FE12D6EB342903A1998 /* Frameworks */ = {
			isa = PBXGroup;
			children = (
				2CD79A7340B696F31EB0B3F3 /* Pods_LearnRxSwift1.framework */,
			);
			name = Frameworks;
			sourceTree = "<group>";
		};
/* End PBXGroup section */

/* Begin PBXNativeTarget section */
		455EB40827FDF26C001999A0 /* LearnRxSwift1 */ = {
			isa = PBXNativeTarget;
			buildConfigurationList = 455EB41D27FDF26D001999A0 /* Build configuration list for PBXNativeTarget "LearnRxSwift1" */;
			buildPhases = (
				10BDD736AA0E08F6D7E2F00E /* [CP] Check Pods Manifest.lock */,
				455EB40527FDF26C001999A0 /* Sources */,
				455EB40627FDF26C001999A0 /* Frameworks */,
				455EB40727FDF26C001999A0 /* Resources */,
				E62D00F8269E034B3F137F0B /* [CP] Embed Pods Frameworks */,
			);
			buildRules = (
			);
			dependencies = (
			);
			name = LearnRxSwift1;
			productName = LearnRxSwift1;
			productReference = 455EB40927FDF26C001999A0 /* LearnRxSwift1.app */;
			productType = "com.apple.product-type.application";
		};
/* End PBXNativeTarget section */

/* Begin PBXProject section */
		455EB40127FDF26C001999A0 /* Project object */ = {
			isa = PBXProject;
			attributes = {
				BuildIndependentTargetsInParallel = 1;
				LastSwiftUpdateCheck = 1320;
				LastUpgradeCheck = 1320;
				TargetAttributes = {
					455EB40827FDF26C001999A0 = {
						CreatedOnToolsVersion = 13.2.1;
					};
				};
			};
			buildConfigurationList = 455EB40427FDF26C001999A0 /* Build configuration list for PBXProject "LearnRxSwift1" */;
			compatibilityVersion = "Xcode 13.0";
			developmentRegion = en;
			hasScannedForEncodings = 0;
			knownRegions = (
				en,
				Base,
			);
			mainGroup = 455EB40027FDF26C001999A0;
			productRefGroup = 455EB40A27FDF26C001999A0 /* Products */;
			projectDirPath = "";
			projectRoot = "";
			targets = (
				455EB40827FDF26C001999A0 /* LearnRxSwift1 */,
			);
		};
/* End PBXProject section */

/* Begin PBXResourcesBuildPhase section */
		455EB40727FDF26C001999A0 /* Resources */ = {
			isa = PBXResourcesBuildPhase;
			buildActionMask = 2147483647;
			files = (
				455EB41927FDF26D001999A0 /* LaunchScreen.storyboard in Resources */,
				455EB41627FDF26D001999A0 /* Assets.xcassets in Resources */,
				455EB41427FDF26C001999A0 /* Main.storyboard in Resources */,
			);
			runOnlyForDeploymentPostprocessing = 0;
		};
/* End PBXResourcesBuildPhase section */

/* Begin PBXShellScriptBuildPhase section */
		10BDD736AA0E08F6D7E2F00E /* [CP] Check Pods Manifest.lock */ = {
			isa = PBXShellScriptBuildPhase;
			buildActionMask = 2147483647;
			files = (
			);
			inputFileListPaths = (
			);
			inputPaths = (
				"${PODS_PODFILE_DIR_PATH}/Podfile.lock",
				"${PODS_ROOT}/Manifest.lock",
			);
			name = "[CP] Check Pods Manifest.lock";
			outputFileListPaths = (
			);
			outputPaths = (
				"$(DERIVED_FILE_DIR)/Pods-LearnRxSwift1-checkManifestLockResult.txt",
			);
			runOnlyForDeploymentPostprocessing = 0;
			shellPath = /bin/sh;
			shellScript = "diff \"${PODS_PODFILE_DIR_PATH}/Podfile.lock\" \"${PODS_ROOT}/Manifest.lock\" > /dev/null\nif [ $? != 0 ] ; then\n    # print error to STDERR\n    echo \"error: The sandbox is not in sync with the Podfile.lock. Run 'pod install' or update your CocoaPods installation.\" >&2\n    exit 1\nfi\n# This output is used by Xcode 'outputs' to avoid re-running this script phase.\necho \"SUCCESS\" > \"${SCRIPT_OUTPUT_FILE_0}\"\n";
			showEnvVarsInLog = 0;
		};
		E62D00F8269E034B3F137F0B /* [CP] Embed Pods Frameworks */ = {
			isa = PBXShellScriptBuildPhase;
			buildActionMask = 2147483647;
			files = (
			);
			inputFileListPaths = (
				"${PODS_ROOT}/Target Support Files/Pods-LearnRxSwift1/Pods-LearnRxSwift1-frameworks-${CONFIGURATION}-input-files.xcfilelist",
			);
			name = "[CP] Embed Pods Frameworks";
			outputFileListPaths = (
				"${PODS_ROOT}/Target Support Files/Pods-LearnRxSwift1/Pods-LearnRxSwift1-frameworks-${CONFIGURATION}-output-files.xcfilelist",
			);
			runOnlyForDeploymentPostprocessing = 0;
			shellPath = /bin/sh;
			shellScript = "\"${PODS_ROOT}/Target Support Files/Pods-LearnRxSwift1/Pods-LearnRxSwift1-frameworks.sh\"\n";
			showEnvVarsInLog = 0;
		};
/* End PBXShellScriptBuildPhase section */

/* Begin PBXSourcesBuildPhase section */
		455EB40527FDF26C001999A0 /* Sources */ = {
			isa = PBXSourcesBuildPhase;
			buildActionMask = 2147483647;
			files = (
				455EB41127FDF26C001999A0 /* ViewController.swift in Sources */,
				455EB40D27FDF26C001999A0 /* AppDelegate.swift in Sources */,
				455EB40F27FDF26C001999A0 /* SceneDelegate.swift in Sources */,
			);
			runOnlyForDeploymentPostprocessing = 0;
		};
/* End PBXSourcesBuildPhase section */

/* Begin PBXVariantGroup section */
		455EB41227FDF26C001999A0 /* Main.storyboard */ = {
			isa = PBXVariantGroup;
			children = (
				455EB41327FDF26C001999A0 /* Base */,
			);
			name = Main.storyboard;
			sourceTree = "<group>";
		};
		455EB41727FDF26D001999A0 /* LaunchScreen.storyboard */ = {
			isa = PBXVariantGroup;
			children = (
				455EB41827FDF26D001999A0 /* Base */,
			);
			name = LaunchScreen.storyboard;
			sourceTree = "<group>";
		};
/* End PBXVariantGroup section */

/* Begin XCBuildConfiguration section */
		455EB41B27FDF26D001999A0 /* Debug */ = {
			isa = XCBuildConfiguration;
			buildSettings = {
				ALWAYS_SEARCH_USER_PATHS = NO;
				CLANG_ANALYZER_NONNULL = YES;
				CLANG_ANALYZER_NUMBER_OBJECT_CONVERSION = YES_AGGRESSIVE;
				CLANG_CXX_LANGUAGE_STANDARD = "gnu++17";
				CLANG_CXX_LIBRARY = "libc++";
				CLANG_ENABLE_MODULES = YES;
				CLANG_ENABLE_OBJC_ARC = YES;
				CLANG_ENABLE_OBJC_WEAK = YES;
				CLANG_WARN_BLOCK_CAPTURE_AUTORELEASING = YES;
				CLANG_WARN_BOOL_CONVERSION = YES;
				CLANG_WARN_COMMA = YES;
				CLANG_WARN_CONSTANT_CONVERSION = YES;
				CLANG_WARN_DEPRECATED_OBJC_IMPLEMENTATIONS = YES;
				CLANG_WARN_DIRECT_OBJC_ISA_USAGE = YES_ERROR;
				CLANG_WARN_DOCUMENTATION_COMMENTS = YES;
				CLANG_WARN_EMPTY_BODY = YES;
				CLANG_WARN_ENUM_CONVERSION = YES;
				CLANG_WARN_INFINITE_RECURSION = YES;
				CLANG_WARN_INT_CONVERSION = YES;
				CLANG_WARN_NON_LITERAL_NULL_CONVERSION = YES;
				CLANG_WARN_OBJC_IMPLICIT_RETAIN_SELF = YES;
				CLANG_WARN_OBJC_LITERAL_CONVERSION = YES;
				CLANG_WARN_OBJC_ROOT_CLASS = YES_ERROR;
				CLANG_WARN_QUOTED_INCLUDE_IN_FRAMEWORK_HEADER = YES;
				CLANG_WARN_RANGE_LOOP_ANALYSIS = YES;
				CLANG_WARN_STRICT_PROTOTYPES = YES;
				CLANG_WARN_SUSPICIOUS_MOVE = YES;
				CLANG_WARN_UNGUARDED_AVAILABILITY = YES_AGGRESSIVE;
				CLANG_WARN_UNREACHABLE_CODE = YES;
				CLANG_WARN__DUPLICATE_METHOD_MATCH = YES;
				COPY_PHASE_STRIP = NO;
				DEBUG_INFORMATION_FORMAT = dwarf;
				ENABLE_STRICT_OBJC_MSGSEND = YES;
				ENABLE_TESTABILITY = YES;
				GCC_C_LANGUAGE_STANDARD = gnu11;
				GCC_DYNAMIC_NO_PIC = NO;
				GCC_NO_COMMON_BLOCKS = YES;
				GCC_OPTIMIZATION_LEVEL = 0;
				GCC_PREPROCESSOR_DEFINITIONS = (
					"DEBUG=1",
					"$(inherited)",
				);
				GCC_WARN_64_TO_32_BIT_CONVERSION = YES;
				GCC_WARN_ABOUT_RETURN_TYPE = YES_ERROR;
				GCC_WARN_UNDECLARED_SELECTOR = YES;
				GCC_WARN_UNINITIALIZED_AUTOS = YES_AGGRESSIVE;
				GCC_WARN_UNUSED_FUNCTION = YES;
				GCC_WARN_UNUSED_VARIABLE = YES;
				IPHONEOS_DEPLOYMENT_TARGET = 15.2;
				MTL_ENABLE_DEBUG_INFO = INCLUDE_SOURCE;
				MTL_FAST_MATH = YES;
				ONLY_ACTIVE_ARCH = YES;
				SDKROOT = iphoneos;
				SWIFT_ACTIVE_COMPILATION_CONDITIONS = DEBUG;
				SWIFT_OPTIMIZATION_LEVEL = "-Onone";
			};
			name = Debug;
		};
		455EB41C27FDF26D001999A0 /* Release */ = {
			isa = XCBuildConfiguration;
			buildSettings = {
				ALWAYS_SEARCH_USER_PATHS = NO;
				CLANG_ANALYZER_NONNULL = YES;
				CLANG_ANALYZER_NUMBER_OBJECT_CONVERSION = YES_AGGRESSIVE;
				CLANG_CXX_LANGUAGE_STANDARD = "gnu++17";
				CLANG_CXX_LIBRARY = "libc++";
				CLANG_ENABLE_MODULES = YES;
				CLANG_ENABLE_OBJC_ARC = YES;
				CLANG_ENABLE_OBJC_WEAK = YES;
				CLANG_WARN_BLOCK_CAPTURE_AUTORELEASING = YES;
				CLANG_WARN_BOOL_CONVERSION = YES;
				CLANG_WARN_COMMA = YES;
				CLANG_WARN_CONSTANT_CONVERSION = YES;
				CLANG_WARN_DEPRECATED_OBJC_IMPLEMENTATIONS = YES;
				CLANG_WARN_DIRECT_OBJC_ISA_USAGE = YES_ERROR;
				CLANG_WARN_DOCUMENTATION_COMMENTS = YES;
				CLANG_WARN_EMPTY_BODY = YES;
				CLANG_WARN_ENUM_CONVERSION = YES;
				CLANG_WARN_INFINITE_RECURSION = YES;
				CLANG_WARN_INT_CONVERSION = YES;
				CLANG_WARN_NON_LITERAL_NULL_CONVERSION = YES;
				CLANG_WARN_OBJC_IMPLICIT_RETAIN_SELF = YES;
				CLANG_WARN_OBJC_LITERAL_CONVERSION = YES;
				CLANG_WARN_OBJC_ROOT_CLASS = YES_ERROR;
				CLANG_WARN_QUOTED_INCLUDE_IN_FRAMEWORK_HEADER = YES;
				CLANG_WARN_RANGE_LOOP_ANALYSIS = YES;
				CLANG_WARN_STRICT_PROTOTYPES = YES;
				CLANG_WARN_SUSPICIOUS_MOVE = YES;
				CLANG_WARN_UNGUARDED_AVAILABILITY = YES_AGGRESSIVE;
				CLANG_WARN_UNREACHABLE_CODE = YES;
				CLANG_WARN__DUPLICATE_METHOD_MATCH = YES;
				COPY_PHASE_STRIP = NO;
				DEBUG_INFORMATION_FORMAT = "dwarf-with-dsym";
				ENABLE_NS_ASSERTIONS = NO;
				ENABLE_STRICT_OBJC_MSGSEND = YES;
				GCC_C_LANGUAGE_STANDARD = gnu11;
				GCC_NO_COMMON_BLOCKS = YES;
				GCC_WARN_64_TO_32_BIT_CONVERSION = YES;
				GCC_WARN_ABOUT_RETURN_TYPE = YES_ERROR;
				GCC_WARN_UNDECLARED_SELECTOR = YES;
				GCC_WARN_UNINITIALIZED_AUTOS = YES_AGGRESSIVE;
				GCC_WARN_UNUSED_FUNCTION = YES;
				GCC_WARN_UNUSED_VARIABLE = YES;
				IPHONEOS_DEPLOYMENT_TARGET = 15.2;
				MTL_ENABLE_DEBUG_INFO = NO;
				MTL_FAST_MATH = YES;
				SDKROOT = iphoneos;
				SWIFT_COMPILATION_MODE = wholemodule;
				SWIFT_OPTIMIZATION_LEVEL = "-O";
				VALIDATE_PRODUCT = YES;
			};
			name = Release;
		};
		455EB41E27FDF26D001999A0 /* Debug */ = {
			isa = XCBuildConfiguration;
			baseConfigurationReference = CBE69BBD4A5AF4C7C0078DB8 /* Pods-LearnRxSwift1.debug.xcconfig */;
			buildSettings = {
				ASSETCATALOG_COMPILER_APPICON_NAME = AppIcon;
				ASSETCATALOG_COMPILER_GLOBAL_ACCENT_COLOR_NAME = AccentColor;
				CODE_SIGN_STYLE = Automatic;
				CURRENT_PROJECT_VERSION = 1;
				DEVELOPMENT_TEAM = 7T59TQJ3KS;
				GENERATE_INFOPLIST_FILE = YES;
				INFOPLIST_FILE = LearnRxSwift1/Info.plist;
				INFOPLIST_KEY_UIApplicationSupportsIndirectInputEvents = YES;
				INFOPLIST_KEY_UILaunchStoryboardName = LaunchScreen;
				INFOPLIST_KEY_UIMainStoryboardFile = Main;
				INFOPLIST_KEY_UISupportedInterfaceOrientations_iPad = "UIInterfaceOrientationPortrait UIInterfaceOrientationPortraitUpsideDown UIInterfaceOrientationLandscapeLeft UIInterfaceOrientationLandscapeRight";
				INFOPLIST_KEY_UISupportedInterfaceOrientations_iPhone = "UIInterfaceOrientationPortrait UIInterfaceOrientationLandscapeLeft UIInterfaceOrientationLandscapeRight";
				LD_RUNPATH_SEARCH_PATHS = (
					"$(inherited)",
					"@executable_path/Frameworks",
				);
				MARKETING_VERSION = 1.0;
				PRODUCT_BUNDLE_IDENTIFIER = jp.air.LearnRxSwift1;
				PRODUCT_NAME = "$(TARGET_NAME)";
				SWIFT_EMIT_LOC_STRINGS = YES;
				SWIFT_VERSION = 5.0;
				TARGETED_DEVICE_FAMILY = "1,2";
			};
			name = Debug;
		};
		455EB41F27FDF26D001999A0 /* Release */ = {
			isa = XCBuildConfiguration;
			baseConfigurationReference = E96DC864959103FBF8BD41FF /* Pods-LearnRxSwift1.release.xcconfig */;
			buildSettings = {
				ASSETCATALOG_COMPILER_APPICON_NAME = AppIcon;
				ASSETCATALOG_COMPILER_GLOBAL_ACCENT_COLOR_NAME = AccentColor;
				CODE_SIGN_STYLE = Automatic;
				CURRENT_PROJECT_VERSION = 1;
				DEVELOPMENT_TEAM = 7T59TQJ3KS;
				GENERATE_INFOPLIST_FILE = YES;
				INFOPLIST_FILE = LearnRxSwift1/Info.plist;
				INFOPLIST_KEY_UIApplicationSupportsIndirectInputEvents = YES;
				INFOPLIST_KEY_UILaunchStoryboardName = LaunchScreen;
				INFOPLIST_KEY_UIMainStoryboardFile = Main;
				INFOPLIST_KEY_UISupportedInterfaceOrientations_iPad = "UIInterfaceOrientationPortrait UIInterfaceOrientationPortraitUpsideDown UIInterfaceOrientationLandscapeLeft UIInterfaceOrientationLandscapeRight";
				INFOPLIST_KEY_UISupportedInterfaceOrientations_iPhone = "UIInterfaceOrientationPortrait UIInterfaceOrientationLandscapeLeft UIInterfaceOrientationLandscapeRight";
				LD_RUNPATH_SEARCH_PATHS = (
					"$(inherited)",
					"@executable_path/Frameworks",
				);
				MARKETING_VERSION = 1.0;
				PRODUCT_BUNDLE_IDENTIFIER = jp.air.LearnRxSwift1;
				PRODUCT_NAME = "$(TARGET_NAME)";
				SWIFT_EMIT_LOC_STRINGS = YES;
				SWIFT_VERSION = 5.0;
				TARGETED_DEVICE_FAMILY = "1,2";
			};
			name = Release;
		};
/* End XCBuildConfiguration section */

/* Begin XCConfigurationList section */
		455EB40427FDF26C001999A0 /* Build configuration list for PBXProject "LearnRxSwift1" */ = {
			isa = XCConfigurationList;
			buildConfigurations = (
				455EB41B27FDF26D001999A0 /* Debug */,
				455EB41C27FDF26D001999A0 /* Release */,
			);
			defaultConfigurationIsVisible = 0;
			defaultConfigurationName = Release;
		};
		455EB41D27FDF26D001999A0 /* Build configuration list for PBXNativeTarget "LearnRxSwift1" */ = {
			isa = XCConfigurationList;
			buildConfigurations = (
				455EB41E27FDF26D001999A0 /* Debug */,
				455EB41F27FDF26D001999A0 /* Release */,
			);
			defaultConfigurationIsVisible = 0;
			defaultConfigurationName = Release;
		};
/* End XCConfigurationList section */
	};
	rootObject = 455EB40127FDF26C001999A0 /* Project object */;
}
